
Microsoft Visual Studio Solution File, Format Version 12.00
# Visual Studio 15
VisualStudioVersion = 15.0.28307.489
MinimumVisualStudioVersion = 10.0.40219.1
Project("{FAE04EC0-301F-11D3-BF4B-00C04F79EFBC}") = "ManipulatorControl", "ManipulatorControl\ManipulatorControl.csproj", "{93D58E3A-F0C8-4E8A-8C3D-E9AEAC61B636}"
EndProject
Project("{FAE04EC0-301F-11D3-BF4B-00C04F79EFBC}") = "LptStepperMotorControl", "LptStepperMotorControl\LptStepperMotorControl.csproj", "{4F11A3C5-F7BC-40CC-99F1-B74E4029A744}"
EndProject
Project("{FAE04EC0-301F-11D3-BF4B-00C04F79EFBC}") = "GCodeParser", "GCodeParser\GCodeParser.csproj", "{E0C53FF2-6081-4046-B4F8-DADCCC385E0F}"
EndProject
Project("{FAE04EC0-301F-11D3-BF4B-00C04F79EFBC}") = "UM160CalculationLib", "UM160CalculationLib\UM160CalculationLib.csproj", "{C2E1D77B-1754-4936-83EA-1D93FDE406C5}"
EndProject
Project("{FAE04EC0-301F-11D3-BF4B-00C04F79EFBC}") = "ManipulatorControl.BL", "ManipulatorControl.BL\ManipulatorControl.BL.csproj", "{2A0235D4-5509-4F2F-8067-C10533DC2AB3}"
EndProject
Global
	GlobalSection(SolutionConfigurationPlatforms) = preSolution
		Debug|Any CPU = Debug|Any CPU
		Release|Any CPU = Release|Any CPU
	EndGlobalSection
	GlobalSection(ProjectConfigurationPlatforms) = postSolution
		{93D58E3A-F0C8-4E8A-8C3D-E9AEAC61B636}.Debug|Any CPU.ActiveCfg = Debug|Any CPU
		{93D58E3A-F0C8-4E8A-8C3D-E9AEAC61B636}.Debug|Any CPU.Build.0 = Debug|Any CPU
		{93D58E3A-F0C8-4E8A-8C3D-E9AEAC61B636}.Release|Any CPU.ActiveCfg = Release|Any CPU
		{93D58E3A-F0C8-4E8A-8C3D-E9AEAC61B636}.Release|Any CPU.Build.0 = Release|Any CPU
		{4F11A3C5-F7BC-40CC-99F1-B74E4029A744}.Debug|Any CPU.ActiveCfg = Debug|Any CPU
		{4F11A3C5-F7BC-40CC-99F1-B74E4029A744}.Debug|Any CPU.Build.0 = Debug|Any CPU
		{4F11A3C5-F7BC-40CC-99F1-B74E4029A744}.Release|Any CPU.ActiveCfg = Release|Any CPU
		{4F11A3C5-F7BC-40CC-99F1-B74E4029A744}.Release|Any CPU.Build.0 = Release|Any CPU
		{E0C53FF2-6081-4046-B4F8-DADCCC385E0F}.Debug|Any CPU.ActiveCfg = Debug|Any CPU
		{E0C53FF2-6081-4046-B4F8-DADCCC385E0F}.Debug|Any CPU.Build.0 = Debug|Any CPU
		{E0C53FF2-6081-4046-B4F8-DADCCC385E0F}.Release|Any CPU.ActiveCfg = Release|Any CPU
		{E0C53FF2-6081-4046-B4F8-DADCCC385E0F}.Release|Any CPU.Build.0 = Release|Any CPU
		{C2E1D77B-1754-4936-83EA-1D93FDE406C5}.Debug|Any CPU.ActiveCfg = Debug|Any CPU
		{C2E1D77B-1754-4936-83EA-1D93FDE406C5}.Debug|Any CPU.Build.0 = Debug|Any CPU
		{C2E1D77B-1754-4936-83EA-1D93FDE406C5}.Release|Any CPU.ActiveCfg = Release|Any CPU
		{C2E1D77B-1754-4936-83EA-1D93FDE406C5}.Release|Any CPU.Build.0 = Release|Any CPU
		{2A0235D4-5509-4F2F-8067-C10533DC2AB3}.Debug|Any CPU.ActiveCfg = Debug|Any CPU
		{2A0235D4-5509-4F2F-8067-C10533DC2AB3}.Debug|Any CPU.Build.0 = Debug|Any CPU
		{2A0235D4-5509-4F2F-8067-C10533DC2AB3}.Release|Any CPU.ActiveCfg = Release|Any CPU
		{2A0235D4-5509-4F2F-8067-C10533DC2AB3}.Release|Any CPU.Build.0 = Release|Any CPU
	EndGlobalSection
	GlobalSection(SolutionProperties) = preSolution
		HideSolutionNode = FALSE
	EndGlobalSection
	GlobalSection(ExtensibilityGlobals) = postSolution
		SolutionGuid = {42B492EC-3A26-4489-A414-5D47A1BC5F72}
	EndGlobalSection
EndGlobal
